
Microsoft Visual Studio Solution File, Format Version 12.00
# Visual Studio 14
VisualStudioVersion = 14.0.25420.1
MinimumVisualStudioVersion = 10.0.40219.1
Project("{8BC9CEB8-8B4A-11D0-8D11-00A0C91BC942}") = "ARGL", "ARGL\ARGL.vcxproj", "{FFDA7BD7-505E-456C-9518-AAAA82D53190}"
EndProject
Global
	GlobalSection(SolutionConfigurationPlatforms) = preSolution
		Debug_DLL|x64 = Debug_DLL|x64
		Debug_DLL|x86 = Debug_DLL|x86
		Debug|x64 = Debug|x64
		Debug|x86 = Debug|x86
		Release_DLL|x64 = Release_DLL|x64
		Release_DLL|x86 = Release_DLL|x86
		Release|x64 = Release|x64
		Release|x86 = Release|x86
	EndGlobalSection
	GlobalSection(ProjectConfigurationPlatforms) = postSolution
		{FFDA7BD7-505E-456C-9518-AAAA82D53190}.Debug_DLL|x64.ActiveCfg = Debug|x64
		{FFDA7BD7-505E-456C-9518-AAAA82D53190}.Debug_DLL|x64.Build.0 = Debug|x64
		{FFDA7BD7-505E-456C-9518-AAAA82D53190}.Debug_DLL|x86.ActiveCfg = Debug|Win32
		{FFDA7BD7-505E-456C-9518-AAAA82D53190}.Debug_DLL|x86.Build.0 = Debug|Win32
		{FFDA7BD7-505E-456C-9518-AAAA82D53190}.Debug|x64.ActiveCfg = Debug|x64
		{FFDA7BD7-505E-456C-9518-AAAA82D53190}.Debug|x64.Build.0 = Debug|x64
		{FFDA7BD7-505E-456C-9518-AAAA82D53190}.Debug|x86.ActiveCfg = Debug|Win32
		{FFDA7BD7-505E-456C-9518-AAAA82D53190}.Debug|x86.Build.0 = Debug|Win32
		{FFDA7BD7-505E-456C-9518-AAAA82D53190}.Release_DLL|x64.ActiveCfg = Release|x64
		{FFDA7BD7-505E-456C-9518-AAAA82D53190}.Release_DLL|x64.Build.0 = Release|x64
		{FFDA7BD7-505E-456C-9518-AAAA82D53190}.Release_DLL|x86.ActiveCfg = Release|Win32
		{FFDA7BD7-505E-456C-9518-AAAA82D53190}.Release_DLL|x86.Build.0 = Release|Win32
		{FFDA7BD7-505E-456C-9518-AAAA82D53190}.Release|x64.ActiveCfg = Release|x64
		{FFDA7BD7-505E-456C-9518-AAAA82D53190}.Release|x64.Build.0 = Release|x64
		{FFDA7BD7-505E-456C-9518-AAAA82D53190}.Release|x86.ActiveCfg = Release|Win32
		{FFDA7BD7-505E-456C-9518-AAAA82D53190}.Release|x86.Build.0 = Release|Win32
	EndGlobalSection
	GlobalSection(SolutionProperties) = preSolution
		HideSolutionNode = FALSE
	EndGlobalSection
EndGlobal
